
Microsoft Visual Studio Solution File, Format Version 12.00
# Visual Studio Version 17
VisualStudioVersion = 17.7.34031.279
MinimumVisualStudioVersion = 10.0.40219.1
Project("{FAE04EC0-301F-11D3-BF4B-00C04F79EFBC}") = "gestion_stock", "gestion_stock.csproj", "{94F1A5DF-F250-42F4-AE59-9AE8851AE444}"
EndProject
Global
	GlobalSection(SolutionConfigurationPlatforms) = preSolution
		Debug|Any CPU = Debug|Any CPU
		Release|Any CPU = Release|Any CPU
	EndGlobalSection
	GlobalSection(ProjectConfigurationPlatforms) = postSolution
		{94F1A5DF-F250-42F4-AE59-9AE8851AE444}.Debug|Any CPU.ActiveCfg = Debug|Any CPU
		{94F1A5DF-F250-42F4-AE59-9AE8851AE444}.Debug|Any CPU.Build.0 = Debug|Any CPU
		{94F1A5DF-F250-42F4-AE59-9AE8851AE444}.Release|Any CPU.ActiveCfg = Release|Any CPU
		{94F1A5DF-F250-42F4-AE59-9AE8851AE444}.Release|Any CPU.Build.0 = Release|Any CPU
	EndGlobalSection
	GlobalSection(SolutionProperties) = preSolution
		HideSolutionNode = FALSE
	EndGlobalSection
	GlobalSection(ExtensibilityGlobals) = postSolution
		SolutionGuid = {0A00218B-A654-4EE5-9EA6-7579D5F72229}
	EndGlobalSection
EndGlobal
